
Microsoft Visual Studio Solution File, Format Version 12.00
# Visual Studio Version 17
VisualStudioVersion = 17.6.33815.320
MinimumVisualStudioVersion = 10.0.40219.1
Project("{9A19103F-16F7-4668-BE54-9A1E7A4F7556}") = "AddressBook", "AddressBook\AddressBook.csproj", "{D5B88E66-5208-4F71-B2E0-3F58C2844E2C}"
EndProject
Project("{FAE04EC0-301F-11D3-BF4B-00C04F79EFBC}") = "WebApplication1", "WebApplication1\WebApplication1.csproj", "{54D2729F-6731-41CF-88F5-D9372D1982D4}"
EndProject
Global
	GlobalSection(SolutionConfigurationPlatforms) = preSolution
		Debug|Any CPU = Debug|Any CPU
		Release|Any CPU = Release|Any CPU
	EndGlobalSection
	GlobalSection(ProjectConfigurationPlatforms) = postSolution
		{D5B88E66-5208-4F71-B2E0-3F58C2844E2C}.Debug|Any CPU.ActiveCfg = Debug|Any CPU
		{D5B88E66-5208-4F71-B2E0-3F58C2844E2C}.Debug|Any CPU.Build.0 = Debug|Any CPU
		{D5B88E66-5208-4F71-B2E0-3F58C2844E2C}.Release|Any CPU.ActiveCfg = Release|Any CPU
		{D5B88E66-5208-4F71-B2E0-3F58C2844E2C}.Release|Any CPU.Build.0 = Release|Any CPU
		{54D2729F-6731-41CF-88F5-D9372D1982D4}.Debug|Any CPU.ActiveCfg = Debug|Any CPU
		{54D2729F-6731-41CF-88F5-D9372D1982D4}.Debug|Any CPU.Build.0 = Debug|Any CPU
		{54D2729F-6731-41CF-88F5-D9372D1982D4}.Release|Any CPU.ActiveCfg = Release|Any CPU
		{54D2729F-6731-41CF-88F5-D9372D1982D4}.Release|Any CPU.Build.0 = Release|Any CPU
	EndGlobalSection
	GlobalSection(SolutionProperties) = preSolution
		HideSolutionNode = FALSE
	EndGlobalSection
	GlobalSection(ExtensibilityGlobals) = postSolution
		SolutionGuid = {5510817B-9CFB-45C8-9B84-2D16BFABACFC}
	EndGlobalSection
EndGlobal
